schema: '2.0'
stages:
  prepare_data:
    cmd: python prepare_dataset.py
    deps:
    - path: Limenitis_arthemis/Limenitis_arthemis.csv
      hash: md5
      md5: ad3bedeee049f6ed724b442c5c5471bf
      size: 115547
    - path: Nymphalis_antiopa/Nymphalis_antiopa.csv
      hash: md5
      md5: 210db8c275e5960a7857a434cf6acc0f
      size: 102625
    - path: Papilio_glaucus/Papilio_glaucus.csv
      hash: md5
      md5: 67da23ce4af7089ece80b1e19052cf80
      size: 105552
    - path: Vanessa_atalanta/Vanessa_atalanta.csv
      hash: md5
      md5: a3606b09551eb5b11278c58d281da32b
      size: 103721
    - path: Vanessa_cardui/Vanessa_cardui.csv
      hash: md5
      md5: 8f4b9b06fbffdae5b399f36eee3adc32
      size: 98426
    - path: prepare_dataset.py
      hash: md5
      md5: d81c49c78de3a029d33cbcf9c1da16c2
      size: 1461
    outs:
    - path: butterfly_dataset
      hash: md5
      md5: 3eb0bfffae4583c56850d37efb54758d.dir
      size: 243738125
      nfiles: 5245
  train:
    cmd: python train_model.py
    deps:
    - path: butterfly_dataset
      hash: md5
      md5: 3eb0bfffae4583c56850d37efb54758d.dir
      size: 243738125
      nfiles: 5245
    - path: train_model.py
      hash: md5
      md5: 58538193b8f4c821717f6d4c1bd4402e
      size: 3053
    outs:
    - path: butterfly_classifier.pth
      hash: md5
      md5: 4752eb70eda7279a87e0100d1c98f8e1
      size: 44796772
    - path: metrics.json
      hash: md5
      md5: a65164cb333436bc5f8b38400add2cce
      size: 71
